// !$*UTF8*$!
{
	archiveVersion = 1;
	classes = {
	};
	objectVersion = 55;
	objects = {

/* Begin PBXBuildFile section */
		E42F54B128C3886A00709459 /* AppDelegate.swift in Sources */ = {isa = PBXBuildFile; fileRef = E42F54B028C3886A00709459 /* AppDelegate.swift */; };
		E42F54B328C3886A00709459 /* SceneDelegate.swift in Sources */ = {isa = PBXBuildFile; fileRef = E42F54B228C3886A00709459 /* SceneDelegate.swift */; };
		E42F54B828C3886A00709459 /* Main.storyboard in Resources */ = {isa = PBXBuildFile; fileRef = E42F54B628C3886A00709459 /* Main.storyboard */; };
		E42F54BA28C3886A00709459 /* Assets.xcassets in Resources */ = {isa = PBXBuildFile; fileRef = E42F54B928C3886A00709459 /* Assets.xcassets */; };
		E42F54BD28C3886A00709459 /* LaunchScreen.storyboard in Resources */ = {isa = PBXBuildFile; fileRef = E42F54BB28C3886A00709459 /* LaunchScreen.storyboard */; };
		E42F54C828C38F9500709459 /* SongListController.swift in Sources */ = {isa = PBXBuildFile; fileRef = E42F54C728C38F9500709459 /* SongListController.swift */; };
		E42F54CA28C38FA800709459 /* PlayerController.swift in Sources */ = {isa = PBXBuildFile; fileRef = E42F54C928C38FA800709459 /* PlayerController.swift */; };
		E42F54CE28C3941F00709459 /* Imagine Dragons - Believer.mp3 in Resources */ = {isa = PBXBuildFile; fileRef = E42F54CC28C3941F00709459 /* Imagine Dragons - Believer.mp3 */; };
		E42F54CF28C3941F00709459 /* Lilly Wood The Prick - Prayer in C.mp3 in Resources */ = {isa = PBXBuildFile; fileRef = E42F54CD28C3941F00709459 /* Lilly Wood The Prick - Prayer in C.mp3 */; };
		E4F03B6D28C5F8AC00824A2A /* 1.png in Resources */ = {isa = PBXBuildFile; fileRef = E4F03B6B28C5F8AC00824A2A /* 1.png */; };
		E4F03B6E28C5F8AC00824A2A /* 2.png in Resources */ = {isa = PBXBuildFile; fileRef = E4F03B6C28C5F8AC00824A2A /* 2.png */; };
		E4F03B7328C60A6300824A2A /* Player.swift in Sources */ = {isa = PBXBuildFile; fileRef = E4F03B7228C60A6300824A2A /* Player.swift */; };
		E4F03B7E28C62F4C00824A2A /* icons8-shuffle-30.png in Resources */ = {isa = PBXBuildFile; fileRef = E4F03B7628C62F4C00824A2A /* icons8-shuffle-30.png */; };
		E4F03B8028C62F4C00824A2A /* icons8-expand-arrow-50.png in Resources */ = {isa = PBXBuildFile; fileRef = E4F03B7828C62F4C00824A2A /* icons8-expand-arrow-50.png */; };
		E4F03B8128C62F4C00824A2A /* icons8-dots-loading-48.png in Resources */ = {isa = PBXBuildFile; fileRef = E4F03B7928C62F4C00824A2A /* icons8-dots-loading-48.png */; };
		E4F03B8228C62F4C00824A2A /* icons8-pause-button-100.png in Resources */ = {isa = PBXBuildFile; fileRef = E4F03B7A28C62F4C00824A2A /* icons8-pause-button-100.png */; };
		E4F03B8328C62F4C00824A2A /* icons8-play-button-circled-100.png in Resources */ = {isa = PBXBuildFile; fileRef = E4F03B7B28C62F4C00824A2A /* icons8-play-button-circled-100.png */; };
		E4F03B8428C62F4C00824A2A /* icons8-repeat-30.png in Resources */ = {isa = PBXBuildFile; fileRef = E4F03B7C28C62F4C00824A2A /* icons8-repeat-30.png */; };
		E4F03B8528C62F4C00824A2A /* icons8-end-100.png in Resources */ = {isa = PBXBuildFile; fileRef = E4F03B7D28C62F4C00824A2A /* icons8-end-100.png */; };
		E4F03B8728C62F5C00824A2A /* icons8-share-rounded-32.png in Resources */ = {isa = PBXBuildFile; fileRef = E4F03B8628C62F5C00824A2A /* icons8-share-rounded-32.png */; };
		E4F03B8928C6405A00824A2A /* icons8-plus-64.png in Resources */ = {isa = PBXBuildFile; fileRef = E4F03B8828C6405A00824A2A /* icons8-plus-64.png */; };
/* End PBXBuildFile section */

/* Begin PBXFileReference section */
		E42F54AD28C3886A00709459 /* Audio-Player.app */ = {isa = PBXFileReference; explicitFileType = wrapper.application; includeInIndex = 0; path = "Audio-Player.app"; sourceTree = BUILT_PRODUCTS_DIR; };
		E42F54B028C3886A00709459 /* AppDelegate.swift */ = {isa = PBXFileReference; lastKnownFileType = sourcecode.swift; path = AppDelegate.swift; sourceTree = "<group>"; };
		E42F54B228C3886A00709459 /* SceneDelegate.swift */ = {isa = PBXFileReference; lastKnownFileType = sourcecode.swift; path = SceneDelegate.swift; sourceTree = "<group>"; };
		E42F54B728C3886A00709459 /* Base */ = {isa = PBXFileReference; lastKnownFileType = file.storyboard; name = Base; path = Base.lproj/Main.storyboard; sourceTree = "<group>"; };
		E42F54B928C3886A00709459 /* Assets.xcassets */ = {isa = PBXFileReference; lastKnownFileType = folder.assetcatalog; path = Assets.xcassets; sourceTree = "<group>"; };
		E42F54BC28C3886A00709459 /* Base */ = {isa = PBXFileReference; lastKnownFileType = file.storyboard; name = Base; path = Base.lproj/LaunchScreen.storyboard; sourceTree = "<group>"; };
		E42F54BE28C3886A00709459 /* Info.plist */ = {isa = PBXFileReference; lastKnownFileType = text.plist.xml; path = Info.plist; sourceTree = "<group>"; };
		E42F54C728C38F9500709459 /* SongListController.swift */ = {isa = PBXFileReference; lastKnownFileType = sourcecode.swift; path = SongListController.swift; sourceTree = "<group>"; };
		E42F54C928C38FA800709459 /* PlayerController.swift */ = {isa = PBXFileReference; lastKnownFileType = sourcecode.swift; path = PlayerController.swift; sourceTree = "<group>"; };
		E42F54CC28C3941F00709459 /* Imagine Dragons - Believer.mp3 */ = {isa = PBXFileReference; lastKnownFileType = audio.mp3; path = "Imagine Dragons - Believer.mp3"; sourceTree = "<group>"; };
		E42F54CD28C3941F00709459 /* Lilly Wood The Prick - Prayer in C.mp3 */ = {isa = PBXFileReference; lastKnownFileType = audio.mp3; path = "Lilly Wood The Prick - Prayer in C.mp3"; sourceTree = "<group>"; };
		E4F03B6B28C5F8AC00824A2A /* 1.png */ = {isa = PBXFileReference; lastKnownFileType = image.png; path = 1.png; sourceTree = "<group>"; };
		E4F03B6C28C5F8AC00824A2A /* 2.png */ = {isa = PBXFileReference; lastKnownFileType = image.png; path = 2.png; sourceTree = "<group>"; };
		E4F03B7228C60A6300824A2A /* Player.swift */ = {isa = PBXFileReference; lastKnownFileType = sourcecode.swift; path = Player.swift; sourceTree = "<group>"; };
		E4F03B7628C62F4C00824A2A /* icons8-shuffle-30.png */ = {isa = PBXFileReference; lastKnownFileType = image.png; path = "icons8-shuffle-30.png"; sourceTree = "<group>"; };
		E4F03B7828C62F4C00824A2A /* icons8-expand-arrow-50.png */ = {isa = PBXFileReference; lastKnownFileType = image.png; path = "icons8-expand-arrow-50.png"; sourceTree = "<group>"; };
		E4F03B7928C62F4C00824A2A /* icons8-dots-loading-48.png */ = {isa = PBXFileReference; lastKnownFileType = image.png; path = "icons8-dots-loading-48.png"; sourceTree = "<group>"; };
		E4F03B7A28C62F4C00824A2A /* icons8-pause-button-100.png */ = {isa = PBXFileReference; lastKnownFileType = image.png; path = "icons8-pause-button-100.png"; sourceTree = "<group>"; };
		E4F03B7B28C62F4C00824A2A /* icons8-play-button-circled-100.png */ = {isa = PBXFileReference; lastKnownFileType = image.png; path = "icons8-play-button-circled-100.png"; sourceTree = "<group>"; };
		E4F03B7C28C62F4C00824A2A /* icons8-repeat-30.png */ = {isa = PBXFileReference; lastKnownFileType = image.png; path = "icons8-repeat-30.png"; sourceTree = "<group>"; };
		E4F03B7D28C62F4C00824A2A /* icons8-end-100.png */ = {isa = PBXFileReference; lastKnownFileType = image.png; path = "icons8-end-100.png"; sourceTree = "<group>"; };
		E4F03B8628C62F5C00824A2A /* icons8-share-rounded-32.png */ = {isa = PBXFileReference; lastKnownFileType = image.png; path = "icons8-share-rounded-32.png"; sourceTree = "<group>"; };
		E4F03B8828C6405A00824A2A /* icons8-plus-64.png */ = {isa = PBXFileReference; lastKnownFileType = image.png; path = "icons8-plus-64.png"; sourceTree = "<group>"; };
/* End PBXFileReference section */

/* Begin PBXFrameworksBuildPhase section */
		E42F54AA28C3886A00709459 /* Frameworks */ = {
			isa = PBXFrameworksBuildPhase;
			buildActionMask = 2147483647;
			files = (
			);
			runOnlyForDeploymentPostprocessing = 0;
		};
/* End PBXFrameworksBuildPhase section */

/* Begin PBXGroup section */
		E42F54A428C3886A00709459 = {
			isa = PBXGroup;
			children = (
				E42F54AF28C3886A00709459 /* Audio-Player */,
				E42F54AE28C3886A00709459 /* Products */,
			);
			sourceTree = "<group>";
		};
		E42F54AE28C3886A00709459 /* Products */ = {
			isa = PBXGroup;
			children = (
				E42F54AD28C3886A00709459 /* Audio-Player.app */,
			);
			name = Products;
			sourceTree = "<group>";
		};
		E42F54AF28C3886A00709459 /* Audio-Player */ = {
			isa = PBXGroup;
			children = (
				E42F54CB28C3940E00709459 /* Files */,
				E4F03B7128C60A4F00824A2A /* Model */,
				E42F54C428C38D7100709459 /* Controller */,
				E42F54C528C38D7F00709459 /* View */,
				E42F54B028C3886A00709459 /* AppDelegate.swift */,
				E42F54B228C3886A00709459 /* SceneDelegate.swift */,
				E42F54B928C3886A00709459 /* Assets.xcassets */,
				E42F54BE28C3886A00709459 /* Info.plist */,
			);
			path = "Audio-Player";
			sourceTree = "<group>";
		};
		E42F54C428C38D7100709459 /* Controller */ = {
			isa = PBXGroup;
			children = (
				E42F54C728C38F9500709459 /* SongListController.swift */,
				E42F54C928C38FA800709459 /* PlayerController.swift */,
			);
			path = Controller;
			sourceTree = "<group>";
		};
		E42F54C528C38D7F00709459 /* View */ = {
			isa = PBXGroup;
			children = (
				E42F54C628C38DC800709459 /* Storyboards */,
			);
			path = View;
			sourceTree = "<group>";
		};
		E42F54C628C38DC800709459 /* Storyboards */ = {
			isa = PBXGroup;
			children = (
				E42F54B628C3886A00709459 /* Main.storyboard */,
				E42F54BB28C3886A00709459 /* LaunchScreen.storyboard */,
			);
			path = Storyboards;
			sourceTree = "<group>";
		};
		E42F54CB28C3940E00709459 /* Files */ = {
			isa = PBXGroup;
			children = (
				E4F03B6B28C5F8AC00824A2A /* 1.png */,
				E4F03B6C28C5F8AC00824A2A /* 2.png */,
				E4F03B7428C62F1C00824A2A /* Songs */,
				E4F03B7528C62F2600824A2A /* ButtonImages */,
			);
			path = Files;
			sourceTree = "<group>";
		};
		E4F03B7128C60A4F00824A2A /* Model */ = {
			isa = PBXGroup;
			children = (
				E4F03B7228C60A6300824A2A /* Player.swift */,
			);
			path = Model;
			sourceTree = "<group>";
		};
		E4F03B7428C62F1C00824A2A /* Songs */ = {
			isa = PBXGroup;
			children = (
				E42F54CC28C3941F00709459 /* Imagine Dragons - Believer.mp3 */,
				E42F54CD28C3941F00709459 /* Lilly Wood The Prick - Prayer in C.mp3 */,
			);
			path = Songs;
			sourceTree = "<group>";
		};
		E4F03B7528C62F2600824A2A /* ButtonImages */ = {
			isa = PBXGroup;
			children = (
				E4F03B7928C62F4C00824A2A /* icons8-dots-loading-48.png */,
				E4F03B7D28C62F4C00824A2A /* icons8-end-100.png */,
				E4F03B7828C62F4C00824A2A /* icons8-expand-arrow-50.png */,
				E4F03B7A28C62F4C00824A2A /* icons8-pause-button-100.png */,
				E4F03B7B28C62F4C00824A2A /* icons8-play-button-circled-100.png */,
				E4F03B7C28C62F4C00824A2A /* icons8-repeat-30.png */,
				E4F03B7628C62F4C00824A2A /* icons8-shuffle-30.png */,
				E4F03B8628C62F5C00824A2A /* icons8-share-rounded-32.png */,
				E4F03B8828C6405A00824A2A /* icons8-plus-64.png */,
			);
			path = ButtonImages;
			sourceTree = "<group>";
		};
/* End PBXGroup section */

/* Begin PBXNativeTarget section */
		E42F54AC28C3886A00709459 /* Audio-Player */ = {
			isa = PBXNativeTarget;
			buildConfigurationList = E42F54C128C3886A00709459 /* Build configuration list for PBXNativeTarget "Audio-Player" */;
			buildPhases = (
				E42F54A928C3886A00709459 /* Sources */,
				E42F54AA28C3886A00709459 /* Frameworks */,
				E42F54AB28C3886A00709459 /* Resources */,
			);
			buildRules = (
			);
			dependencies = (
			);
			name = "Audio-Player";
			productName = "Audio-Player";
			productReference = E42F54AD28C3886A00709459 /* Audio-Player.app */;
			productType = "com.apple.product-type.application";
		};
/* End PBXNativeTarget section */

/* Begin PBXProject section */
		E42F54A528C3886A00709459 /* Project object */ = {
			isa = PBXProject;
			attributes = {
				BuildIndependentTargetsInParallel = 1;
				LastSwiftUpdateCheck = 1340;
				LastUpgradeCheck = 1340;
				TargetAttributes = {
					E42F54AC28C3886A00709459 = {
						CreatedOnToolsVersion = 13.4.1;
					};
				};
			};
			buildConfigurationList = E42F54A828C3886A00709459 /* Build configuration list for PBXProject "Audio-Player" */;
			compatibilityVersion = "Xcode 13.0";
			developmentRegion = en;
			hasScannedForEncodings = 0;
			knownRegions = (
				en,
				Base,
			);
			mainGroup = E42F54A428C3886A00709459;
			productRefGroup = E42F54AE28C3886A00709459 /* Products */;
			projectDirPath = "";
			projectRoot = "";
			targets = (
				E42F54AC28C3886A00709459 /* Audio-Player */,
			);
		};
/* End PBXProject section */

/* Begin PBXResourcesBuildPhase section */
		E42F54AB28C3886A00709459 /* Resources */ = {
			isa = PBXResourcesBuildPhase;
			buildActionMask = 2147483647;
			files = (
				E4F03B8228C62F4C00824A2A /* icons8-pause-button-100.png in Resources */,
				E4F03B8928C6405A00824A2A /* icons8-plus-64.png in Resources */,
				E4F03B8428C62F4C00824A2A /* icons8-repeat-30.png in Resources */,
				E4F03B8728C62F5C00824A2A /* icons8-share-rounded-32.png in Resources */,
				E4F03B8528C62F4C00824A2A /* icons8-end-100.png in Resources */,
				E42F54BD28C3886A00709459 /* LaunchScreen.storyboard in Resources */,
				E4F03B8128C62F4C00824A2A /* icons8-dots-loading-48.png in Resources */,
				E42F54BA28C3886A00709459 /* Assets.xcassets in Resources */,
				E4F03B8328C62F4C00824A2A /* icons8-play-button-circled-100.png in Resources */,
				E4F03B8028C62F4C00824A2A /* icons8-expand-arrow-50.png in Resources */,
				E4F03B6E28C5F8AC00824A2A /* 2.png in Resources */,
				E42F54CF28C3941F00709459 /* Lilly Wood The Prick - Prayer in C.mp3 in Resources */,
				E4F03B6D28C5F8AC00824A2A /* 1.png in Resources */,
				E42F54B828C3886A00709459 /* Main.storyboard in Resources */,
				E4F03B7E28C62F4C00824A2A /* icons8-shuffle-30.png in Resources */,
				E42F54CE28C3941F00709459 /* Imagine Dragons - Believer.mp3 in Resources */,
			);
			runOnlyForDeploymentPostprocessing = 0;
		};
/* End PBXResourcesBuildPhase section */

/* Begin PBXSourcesBuildPhase section */
		E42F54A928C3886A00709459 /* Sources */ = {
			isa = PBXSourcesBuildPhase;
			buildActionMask = 2147483647;
			files = (
				E4F03B7328C60A6300824A2A /* Player.swift in Sources */,
				E42F54C828C38F9500709459 /* SongListController.swift in Sources */,
				E42F54B128C3886A00709459 /* AppDelegate.swift in Sources */,
				E42F54CA28C38FA800709459 /* PlayerController.swift in Sources */,
				E42F54B328C3886A00709459 /* SceneDelegate.swift in Sources */,
			);
			runOnlyForDeploymentPostprocessing = 0;
		};
/* End PBXSourcesBuildPhase section */

/* Begin PBXVariantGroup section */
		E42F54B628C3886A00709459 /* Main.storyboard */ = {
			isa = PBXVariantGroup;
			children = (
				E42F54B728C3886A00709459 /* Base */,
			);
			name = Main.storyboard;
			sourceTree = "<group>";
		};
		E42F54BB28C3886A00709459 /* LaunchScreen.storyboard */ = {
			isa = PBXVariantGroup;
			children = (
				E42F54BC28C3886A00709459 /* Base */,
			);
			name = LaunchScreen.storyboard;
			sourceTree = "<group>";
		};
/* End PBXVariantGroup section */

/* Begin XCBuildConfiguration section */
		E42F54BF28C3886A00709459 /* Debug */ = {
			isa = XCBuildConfiguration;
			buildSettings = {
				ALWAYS_SEARCH_USER_PATHS = NO;
				CLANG_ANALYZER_NONNULL = YES;
				CLANG_ANALYZER_NUMBER_OBJECT_CONVERSION = YES_AGGRESSIVE;
				CLANG_CXX_LANGUAGE_STANDARD = "gnu++17";
				CLANG_ENABLE_MODULES = YES;
				CLANG_ENABLE_OBJC_ARC = YES;
				CLANG_ENABLE_OBJC_WEAK = YES;
				CLANG_WARN_BLOCK_CAPTURE_AUTORELEASING = YES;
				CLANG_WARN_BOOL_CONVERSION = YES;
				CLANG_WARN_COMMA = YES;
				CLANG_WARN_CONSTANT_CONVERSION = YES;
				CLANG_WARN_DEPRECATED_OBJC_IMPLEMENTATIONS = YES;
				CLANG_WARN_DIRECT_OBJC_ISA_USAGE = YES_ERROR;
				CLANG_WARN_DOCUMENTATION_COMMENTS = YES;
				CLANG_WARN_EMPTY_BODY = YES;
				CLANG_WARN_ENUM_CONVERSION = YES;
				CLANG_WARN_INFINITE_RECURSION = YES;
				CLANG_WARN_INT_CONVERSION = YES;
				CLANG_WARN_NON_LITERAL_NULL_CONVERSION = YES;
				CLANG_WARN_OBJC_IMPLICIT_RETAIN_SELF = YES;
				CLANG_WARN_OBJC_LITERAL_CONVERSION = YES;
				CLANG_WARN_OBJC_ROOT_CLASS = YES_ERROR;
				CLANG_WARN_QUOTED_INCLUDE_IN_FRAMEWORK_HEADER = YES;
				CLANG_WARN_RANGE_LOOP_ANALYSIS = YES;
				CLANG_WARN_STRICT_PROTOTYPES = YES;
				CLANG_WARN_SUSPICIOUS_MOVE = YES;
				CLANG_WARN_UNGUARDED_AVAILABILITY = YES_AGGRESSIVE;
				CLANG_WARN_UNREACHABLE_CODE = YES;
				CLANG_WARN__DUPLICATE_METHOD_MATCH = YES;
				COPY_PHASE_STRIP = NO;
				DEBUG_INFORMATION_FORMAT = dwarf;
				ENABLE_STRICT_OBJC_MSGSEND = YES;
				ENABLE_TESTABILITY = YES;
				GCC_C_LANGUAGE_STANDARD = gnu11;
				GCC_DYNAMIC_NO_PIC = NO;
				GCC_NO_COMMON_BLOCKS = YES;
				GCC_OPTIMIZATION_LEVEL = 0;
				GCC_PREPROCESSOR_DEFINITIONS = (
					"DEBUG=1",
					"$(inherited)",
				);
				GCC_WARN_64_TO_32_BIT_CONVERSION = YES;
				GCC_WARN_ABOUT_RETURN_TYPE = YES_ERROR;
				GCC_WARN_UNDECLARED_SELECTOR = YES;
				GCC_WARN_UNINITIALIZED_AUTOS = YES_AGGRESSIVE;
				GCC_WARN_UNUSED_FUNCTION = YES;
				GCC_WARN_UNUSED_VARIABLE = YES;
				IPHONEOS_DEPLOYMENT_TARGET = 15.5;
				MTL_ENABLE_DEBUG_INFO = INCLUDE_SOURCE;
				MTL_FAST_MATH = YES;
				ONLY_ACTIVE_ARCH = YES;
				SDKROOT = iphoneos;
				SWIFT_ACTIVE_COMPILATION_CONDITIONS = DEBUG;
				SWIFT_OPTIMIZATION_LEVEL = "-Onone";
			};
			name = Debug;
		};
		E42F54C028C3886A00709459 /* Release */ = {
			isa = XCBuildConfiguration;
			buildSettings = {
				ALWAYS_SEARCH_USER_PATHS = NO;
				CLANG_ANALYZER_NONNULL = YES;
				CLANG_ANALYZER_NUMBER_OBJECT_CONVERSION = YES_AGGRESSIVE;
				CLANG_CXX_LANGUAGE_STANDARD = "gnu++17";
				CLANG_ENABLE_MODULES = YES;
				CLANG_ENABLE_OBJC_ARC = YES;
				CLANG_ENABLE_OBJC_WEAK = YES;
				CLANG_WARN_BLOCK_CAPTURE_AUTORELEASING = YES;
				CLANG_WARN_BOOL_CONVERSION = YES;
				CLANG_WARN_COMMA = YES;
				CLANG_WARN_CONSTANT_CONVERSION = YES;
				CLANG_WARN_DEPRECATED_OBJC_IMPLEMENTATIONS = YES;
				CLANG_WARN_DIRECT_OBJC_ISA_USAGE = YES_ERROR;
				CLANG_WARN_DOCUMENTATION_COMMENTS = YES;
				CLANG_WARN_EMPTY_BODY = YES;
				CLANG_WARN_ENUM_CONVERSION = YES;
				CLANG_WARN_INFINITE_RECURSION = YES;
				CLANG_WARN_INT_CONVERSION = YES;
				CLANG_WARN_NON_LITERAL_NULL_CONVERSION = YES;
				CLANG_WARN_OBJC_IMPLICIT_RETAIN_SELF = YES;
				CLANG_WARN_OBJC_LITERAL_CONVERSION = YES;
				CLANG_WARN_OBJC_ROOT_CLASS = YES_ERROR;
				CLANG_WARN_QUOTED_INCLUDE_IN_FRAMEWORK_HEADER = YES;
				CLANG_WARN_RANGE_LOOP_ANALYSIS = YES;
				CLANG_WARN_STRICT_PROTOTYPES = YES;
				CLANG_WARN_SUSPICIOUS_MOVE = YES;
				CLANG_WARN_UNGUARDED_AVAILABILITY = YES_AGGRESSIVE;
				CLANG_WARN_UNREACHABLE_CODE = YES;
				CLANG_WARN__DUPLICATE_METHOD_MATCH = YES;
				COPY_PHASE_STRIP = NO;
				DEBUG_INFORMATION_FORMAT = "dwarf-with-dsym";
				ENABLE_NS_ASSERTIONS = NO;
				ENABLE_STRICT_OBJC_MSGSEND = YES;
				GCC_C_LANGUAGE_STANDARD = gnu11;
				GCC_NO_COMMON_BLOCKS = YES;
				GCC_WARN_64_TO_32_BIT_CONVERSION = YES;
				GCC_WARN_ABOUT_RETURN_TYPE = YES_ERROR;
				GCC_WARN_UNDECLARED_SELECTOR = YES;
				GCC_WARN_UNINITIALIZED_AUTOS = YES_AGGRESSIVE;
				GCC_WARN_UNUSED_FUNCTION = YES;
				GCC_WARN_UNUSED_VARIABLE = YES;
				IPHONEOS_DEPLOYMENT_TARGET = 15.5;
				MTL_ENABLE_DEBUG_INFO = NO;
				MTL_FAST_MATH = YES;
				SDKROOT = iphoneos;
				SWIFT_COMPILATION_MODE = wholemodule;
				SWIFT_OPTIMIZATION_LEVEL = "-O";
				VALIDATE_PRODUCT = YES;
			};
			name = Release;
		};
		E42F54C228C3886A00709459 /* Debug */ = {
			isa = XCBuildConfiguration;
			buildSettings = {
				ASSETCATALOG_COMPILER_APPICON_NAME = AppIcon;
				ASSETCATALOG_COMPILER_GLOBAL_ACCENT_COLOR_NAME = AccentColor;
				CODE_SIGN_STYLE = Automatic;
				CURRENT_PROJECT_VERSION = 1;
				DEVELOPMENT_TEAM = 782LZFBU26;
				GENERATE_INFOPLIST_FILE = YES;
				INFOPLIST_FILE = "Audio-Player/Info.plist";
				INFOPLIST_KEY_UIApplicationSupportsIndirectInputEvents = YES;
				INFOPLIST_KEY_UILaunchStoryboardName = LaunchScreen;
				INFOPLIST_KEY_UIMainStoryboardFile = Main;
				INFOPLIST_KEY_UISupportedInterfaceOrientations_iPad = "UIInterfaceOrientationPortrait UIInterfaceOrientationPortraitUpsideDown UIInterfaceOrientationLandscapeLeft UIInterfaceOrientationLandscapeRight";
				INFOPLIST_KEY_UISupportedInterfaceOrientations_iPhone = "UIInterfaceOrientationPortrait UIInterfaceOrientationLandscapeLeft UIInterfaceOrientationLandscapeRight";
				LD_RUNPATH_SEARCH_PATHS = (
					"$(inherited)",
					"@executable_path/Frameworks",
				);
				MARKETING_VERSION = 1.0;
				PRODUCT_BUNDLE_IDENTIFIER = "by.scooterminsk.Audio-Player";
				PRODUCT_NAME = "$(TARGET_NAME)";
				SWIFT_EMIT_LOC_STRINGS = YES;
				SWIFT_VERSION = 5.0;
				TARGETED_DEVICE_FAMILY = "1,2";
			};
			name = Debug;
		};
		E42F54C328C3886A00709459 /* Release */ = {
			isa = XCBuildConfiguration;
			buildSettings = {
				ASSETCATALOG_COMPILER_APPICON_NAME = AppIcon;
				ASSETCATALOG_COMPILER_GLOBAL_ACCENT_COLOR_NAME = AccentColor;
				CODE_SIGN_STYLE = Automatic;
				CURRENT_PROJECT_VERSION = 1;
				DEVELOPMENT_TEAM = 782LZFBU26;
				GENERATE_INFOPLIST_FILE = YES;
				INFOPLIST_FILE = "Audio-Player/Info.plist";
				INFOPLIST_KEY_UIApplicationSupportsIndirectInputEvents = YES;
				INFOPLIST_KEY_UILaunchStoryboardName = LaunchScreen;
				INFOPLIST_KEY_UIMainStoryboardFile = Main;
				INFOPLIST_KEY_UISupportedInterfaceOrientations_iPad = "UIInterfaceOrientationPortrait UIInterfaceOrientationPortraitUpsideDown UIInterfaceOrientationLandscapeLeft UIInterfaceOrientationLandscapeRight";
				INFOPLIST_KEY_UISupportedInterfaceOrientations_iPhone = "UIInterfaceOrientationPortrait UIInterfaceOrientationLandscapeLeft UIInterfaceOrientationLandscapeRight";
				LD_RUNPATH_SEARCH_PATHS = (
					"$(inherited)",
					"@executable_path/Frameworks",
				);
				MARKETING_VERSION = 1.0;
				PRODUCT_BUNDLE_IDENTIFIER = "by.scooterminsk.Audio-Player";
				PRODUCT_NAME = "$(TARGET_NAME)";
				SWIFT_EMIT_LOC_STRINGS = YES;
				SWIFT_VERSION = 5.0;
				TARGETED_DEVICE_FAMILY = "1,2";
			};
			name = Release;
		};
/* End XCBuildConfiguration section */

/* Begin XCConfigurationList section */
		E42F54A828C3886A00709459 /* Build configuration list for PBXProject "Audio-Player" */ = {
			isa = XCConfigurationList;
			buildConfigurations = (
				E42F54BF28C3886A00709459 /* Debug */,
				E42F54C028C3886A00709459 /* Release */,
			);
			defaultConfigurationIsVisible = 0;
			defaultConfigurationName = Release;
		};
		E42F54C128C3886A00709459 /* Build configuration list for PBXNativeTarget "Audio-Player" */ = {
			isa = XCConfigurationList;
			buildConfigurations = (
				E42F54C228C3886A00709459 /* Debug */,
				E42F54C328C3886A00709459 /* Release */,
			);
			defaultConfigurationIsVisible = 0;
			defaultConfigurationName = Release;
		};
/* End XCConfigurationList section */
	};
	rootObject = E42F54A528C3886A00709459 /* Project object */;
}
